// !$*UTF8*$!
{
	archiveVersion = 1;
	classes = {
	};
	objectVersion = 46;
	objects = {

/* Begin PBXBuildFile section */
		870F2C231DD404C700562B29 /* Main.storyboard in Resources */ = {isa = PBXBuildFile; fileRef = 870F2C221DD404C700562B29 /* Main.storyboard */; };
		870F2C2C1DD410FF00562B29 /* data.db in Resources */ = {isa = PBXBuildFile; fileRef = 870F2C2B1DD410FB00562B29 /* data.db */; };
		871AF5411DD1763D0000419C /* DbManager.m in Sources */ = {isa = PBXBuildFile; fileRef = 871AF5401DD1763D0000419C /* DbManager.m */; };
		876C77CF1DD31E39007FF2D5 /* Chuong.m in Sources */ = {isa = PBXBuildFile; fileRef = 876C77CE1DD31E39007FF2D5 /* Chuong.m */; };
		876C77D21DD332EF007FF2D5 /* HangHoa.m in Sources */ = {isa = PBXBuildFile; fileRef = 876C77D11DD332EF007FF2D5 /* HangHoa.m */; };
		878EA7951DD2B9AB007FE075 /* libsqlite3.tbd in Frameworks */ = {isa = PBXBuildFile; fileRef = 878EA7941DD2B9AB007FE075 /* libsqlite3.tbd */; };
		878EA7971DD2B9B0007FE075 /* libsqlite3.0.tbd in Frameworks */ = {isa = PBXBuildFile; fileRef = 878EA7961DD2B9B0007FE075 /* libsqlite3.0.tbd */; };
		878EA7A11DD2DDB1007FE075 /* ChonNgonNgu.m in Sources */ = {isa = PBXBuildFile; fileRef = 878EA7A01DD2DDB1007FE075 /* ChonNgonNgu.m */; };
		878EA7A41DD30778007FE075 /* ChuDe.m in Sources */ = {isa = PBXBuildFile; fileRef = 878EA7A31DD30778007FE075 /* ChuDe.m */; };
		879CFA6F1DD4456100AF04CA /* TimKiem.m in Sources */ = {isa = PBXBuildFile; fileRef = 879CFA6E1DD4456100AF04CA /* TimKiem.m */; };
		879CFA721DD44AE400AF04CA /* ChiTietHangHoa.m in Sources */ = {isa = PBXBuildFile; fileRef = 879CFA711DD44AE400AF04CA /* ChiTietHangHoa.m */; };
		879CFA741DD453C100AF04CA /* data.plist in Resources */ = {isa = PBXBuildFile; fileRef = 879CFA731DD453C100AF04CA /* data.plist */; };
		87BE935F1DD0FE7100D32C69 /* main.m in Sources */ = {isa = PBXBuildFile; fileRef = 87BE935E1DD0FE7100D32C69 /* main.m */; };
		87BE93621DD0FE7100D32C69 /* AppDelegate.m in Sources */ = {isa = PBXBuildFile; fileRef = 87BE93611DD0FE7100D32C69 /* AppDelegate.m */; };
		87BE936D1DD0FE7100D32C69 /* Assets.xcassets in Resources */ = {isa = PBXBuildFile; fileRef = 87BE936C1DD0FE7100D32C69 /* Assets.xcassets */; };
		87BE93701DD0FE7100D32C69 /* LaunchScreen.storyboard in Resources */ = {isa = PBXBuildFile; fileRef = 87BE936E1DD0FE7100D32C69 /* LaunchScreen.storyboard */; };
/* End PBXBuildFile section */

/* Begin PBXFileReference section */
		870F2C221DD404C700562B29 /* Main.storyboard */ = {isa = PBXFileReference; fileEncoding = 4; lastKnownFileType = file.storyboard; path = Main.storyboard; sourceTree = "<group>"; };
		870F2C2B1DD410FB00562B29 /* data.db */ = {isa = PBXFileReference; lastKnownFileType = file; path = data.db; sourceTree = "<group>"; };
		871AF53F1DD1763D0000419C /* DbManager.h */ = {isa = PBXFileReference; fileEncoding = 4; lastKnownFileType = sourcecode.c.h; name = DbManager.h; path = ../DbManager.h; sourceTree = "<group>"; };
		871AF5401DD1763D0000419C /* DbManager.m */ = {isa = PBXFileReference; fileEncoding = 4; lastKnownFileType = sourcecode.c.objc; name = DbManager.m; path = ../DbManager.m; sourceTree = "<group>"; };
		876C77CD1DD31E39007FF2D5 /* Chuong.h */ = {isa = PBXFileReference; fileEncoding = 4; lastKnownFileType = sourcecode.c.h; path = Chuong.h; sourceTree = "<group>"; };
		876C77CE1DD31E39007FF2D5 /* Chuong.m */ = {isa = PBXFileReference; fileEncoding = 4; lastKnownFileType = sourcecode.c.objc; path = Chuong.m; sourceTree = "<group>"; };
		876C77D01DD332EF007FF2D5 /* HangHoa.h */ = {isa = PBXFileReference; fileEncoding = 4; lastKnownFileType = sourcecode.c.h; path = HangHoa.h; sourceTree = "<group>"; };
		876C77D11DD332EF007FF2D5 /* HangHoa.m */ = {isa = PBXFileReference; fileEncoding = 4; lastKnownFileType = sourcecode.c.objc; path = HangHoa.m; sourceTree = "<group>"; };
		878EA7941DD2B9AB007FE075 /* libsqlite3.tbd */ = {isa = PBXFileReference; lastKnownFileType = "sourcecode.text-based-dylib-definition"; name = libsqlite3.tbd; path = usr/lib/libsqlite3.tbd; sourceTree = SDKROOT; };
		878EA7961DD2B9B0007FE075 /* libsqlite3.0.tbd */ = {isa = PBXFileReference; lastKnownFileType = "sourcecode.text-based-dylib-definition"; name = libsqlite3.0.tbd; path = usr/lib/libsqlite3.0.tbd; sourceTree = SDKROOT; };
		878EA79F1DD2DDB1007FE075 /* ChonNgonNgu.h */ = {isa = PBXFileReference; fileEncoding = 4; lastKnownFileType = sourcecode.c.h; path = ChonNgonNgu.h; sourceTree = "<group>"; };
		878EA7A01DD2DDB1007FE075 /* ChonNgonNgu.m */ = {isa = PBXFileReference; fileEncoding = 4; lastKnownFileType = sourcecode.c.objc; path = ChonNgonNgu.m; sourceTree = "<group>"; };
		878EA7A21DD30778007FE075 /* ChuDe.h */ = {isa = PBXFileReference; fileEncoding = 4; lastKnownFileType = sourcecode.c.h; path = ChuDe.h; sourceTree = "<group>"; };
		878EA7A31DD30778007FE075 /* ChuDe.m */ = {isa = PBXFileReference; fileEncoding = 4; lastKnownFileType = sourcecode.c.objc; path = ChuDe.m; sourceTree = "<group>"; };
		879CFA6D1DD4456100AF04CA /* TimKiem.h */ = {isa = PBXFileReference; fileEncoding = 4; lastKnownFileType = sourcecode.c.h; path = TimKiem.h; sourceTree = "<group>"; };
		879CFA6E1DD4456100AF04CA /* TimKiem.m */ = {isa = PBXFileReference; fileEncoding = 4; lastKnownFileType = sourcecode.c.objc; path = TimKiem.m; sourceTree = "<group>"; };
		879CFA701DD44AE400AF04CA /* ChiTietHangHoa.h */ = {isa = PBXFileReference; fileEncoding = 4; lastKnownFileType = sourcecode.c.h; path = ChiTietHangHoa.h; sourceTree = "<group>"; };
		879CFA711DD44AE400AF04CA /* ChiTietHangHoa.m */ = {isa = PBXFileReference; fileEncoding = 4; lastKnownFileType = sourcecode.c.objc; path = ChiTietHangHoa.m; sourceTree = "<group>"; };
		879CFA731DD453C100AF04CA /* data.plist */ = {isa = PBXFileReference; fileEncoding = 4; lastKnownFileType = text.plist.xml; name = data.plist; path = ../data.plist; sourceTree = "<group>"; };
		87BE935A1DD0FE7000D32C69 /* HSCode.app */ = {isa = PBXFileReference; explicitFileType = wrapper.application; includeInIndex = 0; path = HSCode.app; sourceTree = BUILT_PRODUCTS_DIR; };
		87BE935E1DD0FE7100D32C69 /* main.m */ = {isa = PBXFileReference; lastKnownFileType = sourcecode.c.objc; path = main.m; sourceTree = "<group>"; };
		87BE93601DD0FE7100D32C69 /* AppDelegate.h */ = {isa = PBXFileReference; lastKnownFileType = sourcecode.c.h; path = AppDelegate.h; sourceTree = "<group>"; };
		87BE93611DD0FE7100D32C69 /* AppDelegate.m */ = {isa = PBXFileReference; lastKnownFileType = sourcecode.c.objc; path = AppDelegate.m; sourceTree = "<group>"; };
		87BE936C1DD0FE7100D32C69 /* Assets.xcassets */ = {isa = PBXFileReference; lastKnownFileType = folder.assetcatalog; path = Assets.xcassets; sourceTree = "<group>"; };
		87BE936F1DD0FE7100D32C69 /* Base */ = {isa = PBXFileReference; lastKnownFileType = file.storyboard; name = Base; path = Base.lproj/LaunchScreen.storyboard; sourceTree = "<group>"; };
		87BE93711DD0FE7100D32C69 /* Info.plist */ = {isa = PBXFileReference; lastKnownFileType = text.plist.xml; path = Info.plist; sourceTree = "<group>"; };
/* End PBXFileReference section */

/* Begin PBXFrameworksBuildPhase section */
		87BE93571DD0FE7000D32C69 /* Frameworks */ = {
			isa = PBXFrameworksBuildPhase;
			buildActionMask = 2147483647;
			files = (
				878EA7971DD2B9B0007FE075 /* libsqlite3.0.tbd in Frameworks */,
				878EA7951DD2B9AB007FE075 /* libsqlite3.tbd in Frameworks */,
			);
			runOnlyForDeploymentPostprocessing = 0;
		};
/* End PBXFrameworksBuildPhase section */

/* Begin PBXGroup section */
		87BE93511DD0FE7000D32C69 = {
			isa = PBXGroup;
			children = (
				870F2C2B1DD410FB00562B29 /* data.db */,
				878EA7961DD2B9B0007FE075 /* libsqlite3.0.tbd */,
				878EA7941DD2B9AB007FE075 /* libsqlite3.tbd */,
				87BE935C1DD0FE7000D32C69 /* hscode */,
				87BE935B1DD0FE7000D32C69 /* Products */,
			);
			sourceTree = "<group>";
		};
		87BE935B1DD0FE7000D32C69 /* Products */ = {
			isa = PBXGroup;
			children = (
				87BE935A1DD0FE7000D32C69 /* HSCode.app */,
			);
			name = Products;
			sourceTree = "<group>";
		};
		87BE935C1DD0FE7000D32C69 /* hscode */ = {
			isa = PBXGroup;
			children = (
				879CFA731DD453C100AF04CA /* data.plist */,
				871AF53F1DD1763D0000419C /* DbManager.h */,
				871AF5401DD1763D0000419C /* DbManager.m */,
				87BE93601DD0FE7100D32C69 /* AppDelegate.h */,
				87BE93611DD0FE7100D32C69 /* AppDelegate.m */,
				87BE936C1DD0FE7100D32C69 /* Assets.xcassets */,
				87BE936E1DD0FE7100D32C69 /* LaunchScreen.storyboard */,
				87BE93711DD0FE7100D32C69 /* Info.plist */,
				87BE935D1DD0FE7100D32C69 /* Supporting Files */,
				878EA79F1DD2DDB1007FE075 /* ChonNgonNgu.h */,
				878EA7A01DD2DDB1007FE075 /* ChonNgonNgu.m */,
				878EA7A21DD30778007FE075 /* ChuDe.h */,
				878EA7A31DD30778007FE075 /* ChuDe.m */,
				876C77CD1DD31E39007FF2D5 /* Chuong.h */,
				876C77CE1DD31E39007FF2D5 /* Chuong.m */,
				876C77D01DD332EF007FF2D5 /* HangHoa.h */,
				876C77D11DD332EF007FF2D5 /* HangHoa.m */,
				870F2C221DD404C700562B29 /* Main.storyboard */,
				879CFA6D1DD4456100AF04CA /* TimKiem.h */,
				879CFA6E1DD4456100AF04CA /* TimKiem.m */,
				879CFA701DD44AE400AF04CA /* ChiTietHangHoa.h */,
				879CFA711DD44AE400AF04CA /* ChiTietHangHoa.m */,
			);
			name = hscode;
			path = HSCode;
			sourceTree = "<group>";
		};
		87BE935D1DD0FE7100D32C69 /* Supporting Files */ = {
			isa = PBXGroup;
			children = (
				87BE935E1DD0FE7100D32C69 /* main.m */,
			);
			name = "Supporting Files";
			sourceTree = "<group>";
		};
/* End PBXGroup section */

/* Begin PBXNativeTarget section */
		87BE93591DD0FE7000D32C69 /* HSCode */ = {
			isa = PBXNativeTarget;
			buildConfigurationList = 87BE93741DD0FE7100D32C69 /* Build configuration list for PBXNativeTarget "HSCode" */;
			buildPhases = (
				87BE93561DD0FE7000D32C69 /* Sources */,
				87BE93571DD0FE7000D32C69 /* Frameworks */,
				87BE93581DD0FE7000D32C69 /* Resources */,
			);
			buildRules = (
			);
			dependencies = (
			);
			name = HSCode;
			productName = HSCode;
			productReference = 87BE935A1DD0FE7000D32C69 /* HSCode.app */;
			productType = "com.apple.product-type.application";
		};
/* End PBXNativeTarget section */

/* Begin PBXProject section */
		87BE93521DD0FE7000D32C69 /* Project object */ = {
			isa = PBXProject;
			attributes = {
				LastUpgradeCheck = 0810;
				ORGANIZATIONNAME = "Do Van Tuong";
				TargetAttributes = {
					87BE93591DD0FE7000D32C69 = {
						CreatedOnToolsVersion = 7.3.1;
						DevelopmentTeam = CD3JTQTETY;
					};
				};
			};
			buildConfigurationList = 87BE93551DD0FE7000D32C69 /* Build configuration list for PBXProject "HSCode" */;
			compatibilityVersion = "Xcode 3.2";
			developmentRegion = English;
			hasScannedForEncodings = 0;
			knownRegions = (
				en,
				Base,
			);
			mainGroup = 87BE93511DD0FE7000D32C69;
			productRefGroup = 87BE935B1DD0FE7000D32C69 /* Products */;
			projectDirPath = "";
			projectRoot = "";
			targets = (
				87BE93591DD0FE7000D32C69 /* HSCode */,
			);
		};
/* End PBXProject section */

/* Begin PBXResourcesBuildPhase section */
		87BE93581DD0FE7000D32C69 /* Resources */ = {
			isa = PBXResourcesBuildPhase;
			buildActionMask = 2147483647;
			files = (
				87BE93701DD0FE7100D32C69 /* LaunchScreen.storyboard in Resources */,
				870F2C2C1DD410FF00562B29 /* data.db in Resources */,
				87BE936D1DD0FE7100D32C69 /* Assets.xcassets in Resources */,
				879CFA741DD453C100AF04CA /* data.plist in Resources */,
				870F2C231DD404C700562B29 /* Main.storyboard in Resources */,
			);
			runOnlyForDeploymentPostprocessing = 0;
		};
/* End PBXResourcesBuildPhase section */

/* Begin PBXSourcesBuildPhase section */
		87BE93561DD0FE7000D32C69 /* Sources */ = {
			isa = PBXSourcesBuildPhase;
			buildActionMask = 2147483647;
			files = (
				878EA7A11DD2DDB1007FE075 /* ChonNgonNgu.m in Sources */,
				876C77D21DD332EF007FF2D5 /* HangHoa.m in Sources */,
				87BE93621DD0FE7100D32C69 /* AppDelegate.m in Sources */,
				87BE935F1DD0FE7100D32C69 /* main.m in Sources */,
				879CFA721DD44AE400AF04CA /* ChiTietHangHoa.m in Sources */,
				879CFA6F1DD4456100AF04CA /* TimKiem.m in Sources */,
				876C77CF1DD31E39007FF2D5 /* Chuong.m in Sources */,
				878EA7A41DD30778007FE075 /* ChuDe.m in Sources */,
				871AF5411DD1763D0000419C /* DbManager.m in Sources */,
			);
			runOnlyForDeploymentPostprocessing = 0;
		};
/* End PBXSourcesBuildPhase section */

/* Begin PBXVariantGroup section */
		87BE936E1DD0FE7100D32C69 /* LaunchScreen.storyboard */ = {
			isa = PBXVariantGroup;
			children = (
				87BE936F1DD0FE7100D32C69 /* Base */,
			);
			name = LaunchScreen.storyboard;
			sourceTree = "<group>";
		};
/* End PBXVariantGroup section */

/* Begin XCBuildConfiguration section */
		87BE93721DD0FE7100D32C69 /* Debug */ = {
			isa = XCBuildConfiguration;
			buildSettings = {
				ALWAYS_SEARCH_USER_PATHS = NO;
				CLANG_ANALYZER_NONNULL = YES;
				CLANG_CXX_LANGUAGE_STANDARD = "gnu++0x";
				CLANG_CXX_LIBRARY = "libc++";
				CLANG_ENABLE_MODULES = YES;
				CLANG_ENABLE_OBJC_ARC = YES;
				CLANG_WARN_BOOL_CONVERSION = YES;
				CLANG_WARN_CONSTANT_CONVERSION = YES;
				CLANG_WARN_DIRECT_OBJC_ISA_USAGE = YES_ERROR;
				CLANG_WARN_EMPTY_BODY = YES;
				CLANG_WARN_ENUM_CONVERSION = YES;
				CLANG_WARN_INFINITE_RECURSION = YES;
				CLANG_WARN_INT_CONVERSION = YES;
				CLANG_WARN_OBJC_ROOT_CLASS = YES_ERROR;
				CLANG_WARN_SUSPICIOUS_MOVE = YES;
				CLANG_WARN_UNREACHABLE_CODE = YES;
				CLANG_WARN__DUPLICATE_METHOD_MATCH = YES;
				"CODE_SIGN_IDENTITY[sdk=iphoneos*]" = "iPhone Developer";
				COPY_PHASE_STRIP = NO;
				DEBUG_INFORMATION_FORMAT = dwarf;
				ENABLE_STRICT_OBJC_MSGSEND = YES;
				ENABLE_TESTABILITY = YES;
				GCC_C_LANGUAGE_STANDARD = gnu99;
				GCC_DYNAMIC_NO_PIC = NO;
				GCC_NO_COMMON_BLOCKS = YES;
				GCC_OPTIMIZATION_LEVEL = 0;
				GCC_PREPROCESSOR_DEFINITIONS = (
					"DEBUG=1",
					"$(inherited)",
				);
				GCC_WARN_64_TO_32_BIT_CONVERSION = YES;
				GCC_WARN_ABOUT_RETURN_TYPE = YES_ERROR;
				GCC_WARN_UNDECLARED_SELECTOR = YES;
				GCC_WARN_UNINITIALIZED_AUTOS = YES_AGGRESSIVE;
				GCC_WARN_UNUSED_FUNCTION = YES;
				GCC_WARN_UNUSED_VARIABLE = YES;
				IPHONEOS_DEPLOYMENT_TARGET = 8.0;
				MTL_ENABLE_DEBUG_INFO = YES;
				ONLY_ACTIVE_ARCH = YES;
				SDKROOT = iphoneos;
			};
			name = Debug;
		};
		87BE93731DD0FE7100D32C69 /* Release */ = {
			isa = XCBuildConfiguration;
			buildSettings = {
				ALWAYS_SEARCH_USER_PATHS = NO;
				CLANG_ANALYZER_NONNULL = YES;
				CLANG_CXX_LANGUAGE_STANDARD = "gnu++0x";
				CLANG_CXX_LIBRARY = "libc++";
				CLANG_ENABLE_MODULES = YES;
				CLANG_ENABLE_OBJC_ARC = YES;
				CLANG_WARN_BOOL_CONVERSION = YES;
				CLANG_WARN_CONSTANT_CONVERSION = YES;
				CLANG_WARN_DIRECT_OBJC_ISA_USAGE = YES_ERROR;
				CLANG_WARN_EMPTY_BODY = YES;
				CLANG_WARN_ENUM_CONVERSION = YES;
				CLANG_WARN_INFINITE_RECURSION = YES;
				CLANG_WARN_INT_CONVERSION = YES;
				CLANG_WARN_OBJC_ROOT_CLASS = YES_ERROR;
				CLANG_WARN_SUSPICIOUS_MOVE = YES;
				CLANG_WARN_UNREACHABLE_CODE = YES;
				CLANG_WARN__DUPLICATE_METHOD_MATCH = YES;
				"CODE_SIGN_IDENTITY[sdk=iphoneos*]" = "iPhone Developer";
				COPY_PHASE_STRIP = NO;
				DEBUG_INFORMATION_FORMAT = "dwarf-with-dsym";
				ENABLE_NS_ASSERTIONS = NO;
				ENABLE_STRICT_OBJC_MSGSEND = YES;
				GCC_C_LANGUAGE_STANDARD = gnu99;
				GCC_NO_COMMON_BLOCKS = YES;
				GCC_WARN_64_TO_32_BIT_CONVERSION = YES;
				GCC_WARN_ABOUT_RETURN_TYPE = YES_ERROR;
				GCC_WARN_UNDECLARED_SELECTOR = YES;
				GCC_WARN_UNINITIALIZED_AUTOS = YES_AGGRESSIVE;
				GCC_WARN_UNUSED_FUNCTION = YES;
				GCC_WARN_UNUSED_VARIABLE = YES;
				IPHONEOS_DEPLOYMENT_TARGET = 8.0;
				MTL_ENABLE_DEBUG_INFO = NO;
				SDKROOT = iphoneos;
				VALIDATE_PRODUCT = YES;
			};
			name = Release;
		};
		87BE93751DD0FE7100D32C69 /* Debug */ = {
			isa = XCBuildConfiguration;
			buildSettings = {
				ASSETCATALOG_COMPILER_APPICON_NAME = AppIcon;
				CODE_SIGN_IDENTITY = "iPhone Developer";
				DEVELOPMENT_TEAM = CD3JTQTETY;
				INFOPLIST_FILE = HSCode/Info.plist;
				IPHONEOS_DEPLOYMENT_TARGET = 8.0;
				LD_RUNPATH_SEARCH_PATHS = "$(inherited) @executable_path/Frameworks";
				PRODUCT_BUNDLE_IDENTIFIER = inc.boykatty.HSCode;
				PRODUCT_NAME = "$(TARGET_NAME)";
			};
			name = Debug;
		};
		87BE93761DD0FE7100D32C69 /* Release */ = {
			isa = XCBuildConfiguration;
			buildSettings = {
				ASSETCATALOG_COMPILER_APPICON_NAME = AppIcon;
				CODE_SIGN_IDENTITY = "iPhone Developer";
				DEVELOPMENT_TEAM = CD3JTQTETY;
				INFOPLIST_FILE = HSCode/Info.plist;
				IPHONEOS_DEPLOYMENT_TARGET = 8.0;
				LD_RUNPATH_SEARCH_PATHS = "$(inherited) @executable_path/Frameworks";
				PRODUCT_BUNDLE_IDENTIFIER = inc.boykatty.HSCode;
				PRODUCT_NAME = "$(TARGET_NAME)";
			};
			name = Release;
		};
/* End XCBuildConfiguration section */

/* Begin XCConfigurationList section */
		87BE93551DD0FE7000D32C69 /* Build configuration list for PBXProject "HSCode" */ = {
			isa = XCConfigurationList;
			buildConfigurations = (
				87BE93721DD0FE7100D32C69 /* Debug */,
				87BE93731DD0FE7100D32C69 /* Release */,
			);
			defaultConfigurationIsVisible = 0;
			defaultConfigurationName = Release;
		};
		87BE93741DD0FE7100D32C69 /* Build configuration list for PBXNativeTarget "HSCode" */ = {
			isa = XCConfigurationList;
			buildConfigurations = (
				87BE93751DD0FE7100D32C69 /* Debug */,
				87BE93761DD0FE7100D32C69 /* Release */,
			);
			defaultConfigurationIsVisible = 0;
			defaultConfigurationName = Release;
		};
/* End XCConfigurationList section */
	};
	rootObject = 87BE93521DD0FE7000D32C69 /* Project object */;
}
